// !$*UTF8*$!
{
	archiveVersion = 1;
	classes = {
	};
	objectVersion = 55;
	objects = {

/* Begin PBXBuildFile section */
		56FE75D828E102370013F099 /* AppDelegate.swift in Sources */ = {isa = PBXBuildFile; fileRef = 56FE75D728E102370013F099 /* AppDelegate.swift */; };
		56FE75DA28E102370013F099 /* SceneDelegate.swift in Sources */ = {isa = PBXBuildFile; fileRef = 56FE75D928E102370013F099 /* SceneDelegate.swift */; };
		56FE75DC28E102370013F099 /* MenuViewController.swift in Sources */ = {isa = PBXBuildFile; fileRef = 56FE75DB28E102370013F099 /* MenuViewController.swift */; };
		56FE75DF28E102370013F099 /* Main.storyboard in Resources */ = {isa = PBXBuildFile; fileRef = 56FE75DD28E102370013F099 /* Main.storyboard */; };
		56FE75E228E102370013F099 /* TakingOrderApp.xcdatamodeld in Sources */ = {isa = PBXBuildFile; fileRef = 56FE75E028E102370013F099 /* TakingOrderApp.xcdatamodeld */; };
		56FE75E428E102380013F099 /* Assets.xcassets in Resources */ = {isa = PBXBuildFile; fileRef = 56FE75E328E102380013F099 /* Assets.xcassets */; };
		56FE75E728E102380013F099 /* LaunchScreen.storyboard in Resources */ = {isa = PBXBuildFile; fileRef = 56FE75E528E102380013F099 /* LaunchScreen.storyboard */; };
		56FE75F028E106A10013F099 /* OrdersViewController.swift in Sources */ = {isa = PBXBuildFile; fileRef = 56FE75EF28E106A10013F099 /* OrdersViewController.swift */; };
		56FE75F228E10C870013F099 /* TablesViewController.swift in Sources */ = {isa = PBXBuildFile; fileRef = 56FE75F128E10C870013F099 /* TablesViewController.swift */; };
		56FE75F528E123F80013F099 /* DetailViewController.swift in Sources */ = {isa = PBXBuildFile; fileRef = 56FE75F428E123F80013F099 /* DetailViewController.swift */; };
		56FE75F928E12CFB0013F099 /* SectionTableViewCell.swift in Sources */ = {isa = PBXBuildFile; fileRef = 56FE75F728E12CFB0013F099 /* SectionTableViewCell.swift */; };
		56FE75FA28E12CFB0013F099 /* SectionTableViewCell.xib in Resources */ = {isa = PBXBuildFile; fileRef = 56FE75F828E12CFB0013F099 /* SectionTableViewCell.xib */; };
		56FE75FF28E12D560013F099 /* ItemTableViewCell.swift in Sources */ = {isa = PBXBuildFile; fileRef = 56FE75FD28E12D560013F099 /* ItemTableViewCell.swift */; };
		56FE760028E12D560013F099 /* ItemTableViewCell.xib in Resources */ = {isa = PBXBuildFile; fileRef = 56FE75FE28E12D560013F099 /* ItemTableViewCell.xib */; };
		56FE760328E318D00013F099 /* Array+Extension.swift in Sources */ = {isa = PBXBuildFile; fileRef = 56FE760228E318D00013F099 /* Array+Extension.swift */; };
/* End PBXBuildFile section */

/* Begin PBXFileReference section */
		56FE75D428E102370013F099 /* TakingOrderApp.app */ = {isa = PBXFileReference; explicitFileType = wrapper.application; includeInIndex = 0; path = TakingOrderApp.app; sourceTree = BUILT_PRODUCTS_DIR; };
		56FE75D728E102370013F099 /* AppDelegate.swift */ = {isa = PBXFileReference; lastKnownFileType = sourcecode.swift; path = AppDelegate.swift; sourceTree = "<group>"; };
		56FE75D928E102370013F099 /* SceneDelegate.swift */ = {isa = PBXFileReference; lastKnownFileType = sourcecode.swift; path = SceneDelegate.swift; sourceTree = "<group>"; };
		56FE75DB28E102370013F099 /* MenuViewController.swift */ = {isa = PBXFileReference; lastKnownFileType = sourcecode.swift; path = MenuViewController.swift; sourceTree = "<group>"; };
		56FE75DE28E102370013F099 /* Base */ = {isa = PBXFileReference; lastKnownFileType = file.storyboard; name = Base; path = Base.lproj/Main.storyboard; sourceTree = "<group>"; };
		56FE75E128E102370013F099 /* TakingOrderApp.xcdatamodel */ = {isa = PBXFileReference; lastKnownFileType = wrapper.xcdatamodel; path = TakingOrderApp.xcdatamodel; sourceTree = "<group>"; };
		56FE75E328E102380013F099 /* Assets.xcassets */ = {isa = PBXFileReference; lastKnownFileType = folder.assetcatalog; path = Assets.xcassets; sourceTree = "<group>"; };
		56FE75E628E102380013F099 /* Base */ = {isa = PBXFileReference; lastKnownFileType = file.storyboard; name = Base; path = Base.lproj/LaunchScreen.storyboard; sourceTree = "<group>"; };
		56FE75E828E102380013F099 /* Info.plist */ = {isa = PBXFileReference; lastKnownFileType = text.plist.xml; path = Info.plist; sourceTree = "<group>"; };
		56FE75EF28E106A10013F099 /* OrdersViewController.swift */ = {isa = PBXFileReference; lastKnownFileType = sourcecode.swift; path = OrdersViewController.swift; sourceTree = "<group>"; };
		56FE75F128E10C870013F099 /* TablesViewController.swift */ = {isa = PBXFileReference; lastKnownFileType = sourcecode.swift; path = TablesViewController.swift; sourceTree = "<group>"; };
		56FE75F428E123F80013F099 /* DetailViewController.swift */ = {isa = PBXFileReference; lastKnownFileType = sourcecode.swift; path = DetailViewController.swift; sourceTree = "<group>"; };
		56FE75F728E12CFB0013F099 /* SectionTableViewCell.swift */ = {isa = PBXFileReference; lastKnownFileType = sourcecode.swift; path = SectionTableViewCell.swift; sourceTree = "<group>"; };
		56FE75F828E12CFB0013F099 /* SectionTableViewCell.xib */ = {isa = PBXFileReference; lastKnownFileType = file.xib; path = SectionTableViewCell.xib; sourceTree = "<group>"; };
		56FE75FD28E12D560013F099 /* ItemTableViewCell.swift */ = {isa = PBXFileReference; lastKnownFileType = sourcecode.swift; path = ItemTableViewCell.swift; sourceTree = "<group>"; };
		56FE75FE28E12D560013F099 /* ItemTableViewCell.xib */ = {isa = PBXFileReference; lastKnownFileType = file.xib; path = ItemTableViewCell.xib; sourceTree = "<group>"; };
		56FE760228E318D00013F099 /* Array+Extension.swift */ = {isa = PBXFileReference; lastKnownFileType = sourcecode.swift; path = "Array+Extension.swift"; sourceTree = "<group>"; };
/* End PBXFileReference section */

/* Begin PBXFrameworksBuildPhase section */
		56FE75D128E102370013F099 /* Frameworks */ = {
			isa = PBXFrameworksBuildPhase;
			buildActionMask = 2147483647;
			files = (
			);
			runOnlyForDeploymentPostprocessing = 0;
		};
/* End PBXFrameworksBuildPhase section */

/* Begin PBXGroup section */
		56FE75CB28E102370013F099 = {
			isa = PBXGroup;
			children = (
				56FE75D628E102370013F099 /* TakingOrderApp */,
				56FE75D528E102370013F099 /* Products */,
			);
			sourceTree = "<group>";
		};
		56FE75D528E102370013F099 /* Products */ = {
			isa = PBXGroup;
			children = (
				56FE75D428E102370013F099 /* TakingOrderApp.app */,
			);
			name = Products;
			sourceTree = "<group>";
		};
		56FE75D628E102370013F099 /* TakingOrderApp */ = {
			isa = PBXGroup;
			children = (
				56FE760128E318BE0013F099 /* Util */,
				56FE75F628E12CD70013F099 /* View */,
				56FE75F328E121D30013F099 /* Model */,
				56FE75EE28E105890013F099 /* Controller */,
				56FE75D728E102370013F099 /* AppDelegate.swift */,
				56FE75D928E102370013F099 /* SceneDelegate.swift */,
				56FE75DD28E102370013F099 /* Main.storyboard */,
				56FE75E328E102380013F099 /* Assets.xcassets */,
				56FE75E528E102380013F099 /* LaunchScreen.storyboard */,
				56FE75E828E102380013F099 /* Info.plist */,
			);
			path = TakingOrderApp;
			sourceTree = "<group>";
		};
		56FE75EE28E105890013F099 /* Controller */ = {
			isa = PBXGroup;
			children = (
				56FE75DB28E102370013F099 /* MenuViewController.swift */,
				56FE75F128E10C870013F099 /* TablesViewController.swift */,
				56FE75EF28E106A10013F099 /* OrdersViewController.swift */,
				56FE75F428E123F80013F099 /* DetailViewController.swift */,
			);
			path = Controller;
			sourceTree = "<group>";
		};
		56FE75F328E121D30013F099 /* Model */ = {
			isa = PBXGroup;
			children = (
				56FE75E028E102370013F099 /* TakingOrderApp.xcdatamodeld */,
			);
			path = Model;
			sourceTree = "<group>";
		};
		56FE75F628E12CD70013F099 /* View */ = {
			isa = PBXGroup;
			children = (
				56FE75F728E12CFB0013F099 /* SectionTableViewCell.swift */,
				56FE75F828E12CFB0013F099 /* SectionTableViewCell.xib */,
				56FE75FD28E12D560013F099 /* ItemTableViewCell.swift */,
				56FE75FE28E12D560013F099 /* ItemTableViewCell.xib */,
			);
			path = View;
			sourceTree = "<group>";
		};
		56FE760128E318BE0013F099 /* Util */ = {
			isa = PBXGroup;
			children = (
				56FE760228E318D00013F099 /* Array+Extension.swift */,
			);
			path = Util;
			sourceTree = "<group>";
		};
/* End PBXGroup section */

/* Begin PBXNativeTarget section */
		56FE75D328E102370013F099 /* TakingOrderApp */ = {
			isa = PBXNativeTarget;
			buildConfigurationList = 56FE75EB28E102380013F099 /* Build configuration list for PBXNativeTarget "TakingOrderApp" */;
			buildPhases = (
				56FE75D028E102370013F099 /* Sources */,
				56FE75D128E102370013F099 /* Frameworks */,
				56FE75D228E102370013F099 /* Resources */,
			);
			buildRules = (
			);
			dependencies = (
			);
			name = TakingOrderApp;
			productName = TakingOrderApp;
			productReference = 56FE75D428E102370013F099 /* TakingOrderApp.app */;
			productType = "com.apple.product-type.application";
		};
/* End PBXNativeTarget section */

/* Begin PBXProject section */
		56FE75CC28E102370013F099 /* Project object */ = {
			isa = PBXProject;
			attributes = {
				BuildIndependentTargetsInParallel = 1;
				LastSwiftUpdateCheck = 1340;
				LastUpgradeCheck = 1340;
				TargetAttributes = {
					56FE75D328E102370013F099 = {
						CreatedOnToolsVersion = 13.4.1;
					};
				};
			};
			buildConfigurationList = 56FE75CF28E102370013F099 /* Build configuration list for PBXProject "TakingOrderApp" */;
			compatibilityVersion = "Xcode 13.0";
			developmentRegion = en;
			hasScannedForEncodings = 0;
			knownRegions = (
				en,
				Base,
			);
			mainGroup = 56FE75CB28E102370013F099;
			productRefGroup = 56FE75D528E102370013F099 /* Products */;
			projectDirPath = "";
			projectRoot = "";
			targets = (
				56FE75D328E102370013F099 /* TakingOrderApp */,
			);
		};
/* End PBXProject section */

/* Begin PBXResourcesBuildPhase section */
		56FE75D228E102370013F099 /* Resources */ = {
			isa = PBXResourcesBuildPhase;
			buildActionMask = 2147483647;
			files = (
				56FE75E728E102380013F099 /* LaunchScreen.storyboard in Resources */,
				56FE75FA28E12CFB0013F099 /* SectionTableViewCell.xib in Resources */,
				56FE75E428E102380013F099 /* Assets.xcassets in Resources */,
				56FE760028E12D560013F099 /* ItemTableViewCell.xib in Resources */,
				56FE75DF28E102370013F099 /* Main.storyboard in Resources */,
			);
			runOnlyForDeploymentPostprocessing = 0;
		};
/* End PBXResourcesBuildPhase section */

/* Begin PBXSourcesBuildPhase section */
		56FE75D028E102370013F099 /* Sources */ = {
			isa = PBXSourcesBuildPhase;
			buildActionMask = 2147483647;
			files = (
				56FE75F028E106A10013F099 /* OrdersViewController.swift in Sources */,
				56FE760328E318D00013F099 /* Array+Extension.swift in Sources */,
				56FE75FF28E12D560013F099 /* ItemTableViewCell.swift in Sources */,
				56FE75DC28E102370013F099 /* MenuViewController.swift in Sources */,
				56FE75D828E102370013F099 /* AppDelegate.swift in Sources */,
				56FE75F228E10C870013F099 /* TablesViewController.swift in Sources */,
				56FE75E228E102370013F099 /* TakingOrderApp.xcdatamodeld in Sources */,
				56FE75F928E12CFB0013F099 /* SectionTableViewCell.swift in Sources */,
				56FE75DA28E102370013F099 /* SceneDelegate.swift in Sources */,
				56FE75F528E123F80013F099 /* DetailViewController.swift in Sources */,
			);
			runOnlyForDeploymentPostprocessing = 0;
		};
/* End PBXSourcesBuildPhase section */

/* Begin PBXVariantGroup section */
		56FE75DD28E102370013F099 /* Main.storyboard */ = {
			isa = PBXVariantGroup;
			children = (
				56FE75DE28E102370013F099 /* Base */,
			);
			name = Main.storyboard;
			sourceTree = "<group>";
		};
		56FE75E528E102380013F099 /* LaunchScreen.storyboard */ = {
			isa = PBXVariantGroup;
			children = (
				56FE75E628E102380013F099 /* Base */,
			);
			name = LaunchScreen.storyboard;
			sourceTree = "<group>";
		};
/* End PBXVariantGroup section */

/* Begin XCBuildConfiguration section */
		56FE75E928E102380013F099 /* Debug */ = {
			isa = XCBuildConfiguration;
			buildSettings = {
				ALWAYS_SEARCH_USER_PATHS = NO;
				CLANG_ANALYZER_NONNULL = YES;
				CLANG_ANALYZER_NUMBER_OBJECT_CONVERSION = YES_AGGRESSIVE;
				CLANG_CXX_LANGUAGE_STANDARD = "gnu++17";
				CLANG_ENABLE_MODULES = YES;
				CLANG_ENABLE_OBJC_ARC = YES;
				CLANG_ENABLE_OBJC_WEAK = YES;
				CLANG_WARN_BLOCK_CAPTURE_AUTORELEASING = YES;
				CLANG_WARN_BOOL_CONVERSION = YES;
				CLANG_WARN_COMMA = YES;
				CLANG_WARN_CONSTANT_CONVERSION = YES;
				CLANG_WARN_DEPRECATED_OBJC_IMPLEMENTATIONS = YES;
				CLANG_WARN_DIRECT_OBJC_ISA_USAGE = YES_ERROR;
				CLANG_WARN_DOCUMENTATION_COMMENTS = YES;
				CLANG_WARN_EMPTY_BODY = YES;
				CLANG_WARN_ENUM_CONVERSION = YES;
				CLANG_WARN_INFINITE_RECURSION = YES;
				CLANG_WARN_INT_CONVERSION = YES;
				CLANG_WARN_NON_LITERAL_NULL_CONVERSION = YES;
				CLANG_WARN_OBJC_IMPLICIT_RETAIN_SELF = YES;
				CLANG_WARN_OBJC_LITERAL_CONVERSION = YES;
				CLANG_WARN_OBJC_ROOT_CLASS = YES_ERROR;
				CLANG_WARN_QUOTED_INCLUDE_IN_FRAMEWORK_HEADER = YES;
				CLANG_WARN_RANGE_LOOP_ANALYSIS = YES;
				CLANG_WARN_STRICT_PROTOTYPES = YES;
				CLANG_WARN_SUSPICIOUS_MOVE = YES;
				CLANG_WARN_UNGUARDED_AVAILABILITY = YES_AGGRESSIVE;
				CLANG_WARN_UNREACHABLE_CODE = YES;
				CLANG_WARN__DUPLICATE_METHOD_MATCH = YES;
				COPY_PHASE_STRIP = NO;
				DEBUG_INFORMATION_FORMAT = dwarf;
				ENABLE_STRICT_OBJC_MSGSEND = YES;
				ENABLE_TESTABILITY = YES;
				GCC_C_LANGUAGE_STANDARD = gnu11;
				GCC_DYNAMIC_NO_PIC = NO;
				GCC_NO_COMMON_BLOCKS = YES;
				GCC_OPTIMIZATION_LEVEL = 0;
				GCC_PREPROCESSOR_DEFINITIONS = (
					"DEBUG=1",
					"$(inherited)",
				);
				GCC_WARN_64_TO_32_BIT_CONVERSION = YES;
				GCC_WARN_ABOUT_RETURN_TYPE = YES_ERROR;
				GCC_WARN_UNDECLARED_SELECTOR = YES;
				GCC_WARN_UNINITIALIZED_AUTOS = YES_AGGRESSIVE;
				GCC_WARN_UNUSED_FUNCTION = YES;
				GCC_WARN_UNUSED_VARIABLE = YES;
				IPHONEOS_DEPLOYMENT_TARGET = 15.5;
				MTL_ENABLE_DEBUG_INFO = INCLUDE_SOURCE;
				MTL_FAST_MATH = YES;
				ONLY_ACTIVE_ARCH = YES;
				SDKROOT = iphoneos;
				SWIFT_ACTIVE_COMPILATION_CONDITIONS = DEBUG;
				SWIFT_OPTIMIZATION_LEVEL = "-Onone";
			};
			name = Debug;
		};
		56FE75EA28E102380013F099 /* Release */ = {
			isa = XCBuildConfiguration;
			buildSettings = {
				ALWAYS_SEARCH_USER_PATHS = NO;
				CLANG_ANALYZER_NONNULL = YES;
				CLANG_ANALYZER_NUMBER_OBJECT_CONVERSION = YES_AGGRESSIVE;
				CLANG_CXX_LANGUAGE_STANDARD = "gnu++17";
				CLANG_ENABLE_MODULES = YES;
				CLANG_ENABLE_OBJC_ARC = YES;
				CLANG_ENABLE_OBJC_WEAK = YES;
				CLANG_WARN_BLOCK_CAPTURE_AUTORELEASING = YES;
				CLANG_WARN_BOOL_CONVERSION = YES;
				CLANG_WARN_COMMA = YES;
				CLANG_WARN_CONSTANT_CONVERSION = YES;
				CLANG_WARN_DEPRECATED_OBJC_IMPLEMENTATIONS = YES;
				CLANG_WARN_DIRECT_OBJC_ISA_USAGE = YES_ERROR;
				CLANG_WARN_DOCUMENTATION_COMMENTS = YES;
				CLANG_WARN_EMPTY_BODY = YES;
				CLANG_WARN_ENUM_CONVERSION = YES;
				CLANG_WARN_INFINITE_RECURSION = YES;
				CLANG_WARN_INT_CONVERSION = YES;
				CLANG_WARN_NON_LITERAL_NULL_CONVERSION = YES;
				CLANG_WARN_OBJC_IMPLICIT_RETAIN_SELF = YES;
				CLANG_WARN_OBJC_LITERAL_CONVERSION = YES;
				CLANG_WARN_OBJC_ROOT_CLASS = YES_ERROR;
				CLANG_WARN_QUOTED_INCLUDE_IN_FRAMEWORK_HEADER = YES;
				CLANG_WARN_RANGE_LOOP_ANALYSIS = YES;
				CLANG_WARN_STRICT_PROTOTYPES = YES;
				CLANG_WARN_SUSPICIOUS_MOVE = YES;
				CLANG_WARN_UNGUARDED_AVAILABILITY = YES_AGGRESSIVE;
				CLANG_WARN_UNREACHABLE_CODE = YES;
				CLANG_WARN__DUPLICATE_METHOD_MATCH = YES;
				COPY_PHASE_STRIP = NO;
				DEBUG_INFORMATION_FORMAT = "dwarf-with-dsym";
				ENABLE_NS_ASSERTIONS = NO;
				ENABLE_STRICT_OBJC_MSGSEND = YES;
				GCC_C_LANGUAGE_STANDARD = gnu11;
				GCC_NO_COMMON_BLOCKS = YES;
				GCC_WARN_64_TO_32_BIT_CONVERSION = YES;
				GCC_WARN_ABOUT_RETURN_TYPE = YES_ERROR;
				GCC_WARN_UNDECLARED_SELECTOR = YES;
				GCC_WARN_UNINITIALIZED_AUTOS = YES_AGGRESSIVE;
				GCC_WARN_UNUSED_FUNCTION = YES;
				GCC_WARN_UNUSED_VARIABLE = YES;
				IPHONEOS_DEPLOYMENT_TARGET = 15.5;
				MTL_ENABLE_DEBUG_INFO = NO;
				MTL_FAST_MATH = YES;
				SDKROOT = iphoneos;
				SWIFT_COMPILATION_MODE = wholemodule;
				SWIFT_OPTIMIZATION_LEVEL = "-O";
				VALIDATE_PRODUCT = YES;
			};
			name = Release;
		};
		56FE75EC28E102380013F099 /* Debug */ = {
			isa = XCBuildConfiguration;
			buildSettings = {
				ASSETCATALOG_COMPILER_APPICON_NAME = AppIcon;
				ASSETCATALOG_COMPILER_GLOBAL_ACCENT_COLOR_NAME = AccentColor;
				CODE_SIGN_STYLE = Automatic;
				CURRENT_PROJECT_VERSION = 1;
				DEVELOPMENT_TEAM = M56PY7R6R5;
				GENERATE_INFOPLIST_FILE = YES;
				INFOPLIST_FILE = TakingOrderApp/Info.plist;
				INFOPLIST_KEY_UIApplicationSupportsIndirectInputEvents = YES;
				INFOPLIST_KEY_UILaunchStoryboardName = LaunchScreen;
				INFOPLIST_KEY_UIMainStoryboardFile = Main;
				INFOPLIST_KEY_UISupportedInterfaceOrientations_iPad = "UIInterfaceOrientationPortrait UIInterfaceOrientationPortraitUpsideDown UIInterfaceOrientationLandscapeLeft UIInterfaceOrientationLandscapeRight";
				INFOPLIST_KEY_UISupportedInterfaceOrientations_iPhone = "UIInterfaceOrientationPortrait UIInterfaceOrientationLandscapeLeft UIInterfaceOrientationLandscapeRight";
				LD_RUNPATH_SEARCH_PATHS = (
					"$(inherited)",
					"@executable_path/Frameworks",
				);
				MARKETING_VERSION = 1.0;
				PRODUCT_BUNDLE_IDENTIFIER = meric.TakingOrderApp;
				PRODUCT_NAME = "$(TARGET_NAME)";
				SWIFT_EMIT_LOC_STRINGS = YES;
				SWIFT_VERSION = 5.0;
				TARGETED_DEVICE_FAMILY = "1,2";
			};
			name = Debug;
		};
		56FE75ED28E102380013F099 /* Release */ = {
			isa = XCBuildConfiguration;
			buildSettings = {
				ASSETCATALOG_COMPILER_APPICON_NAME = AppIcon;
				ASSETCATALOG_COMPILER_GLOBAL_ACCENT_COLOR_NAME = AccentColor;
				CODE_SIGN_STYLE = Automatic;
				CURRENT_PROJECT_VERSION = 1;
				DEVELOPMENT_TEAM = M56PY7R6R5;
				GENERATE_INFOPLIST_FILE = YES;
				INFOPLIST_FILE = TakingOrderApp/Info.plist;
				INFOPLIST_KEY_UIApplicationSupportsIndirectInputEvents = YES;
				INFOPLIST_KEY_UILaunchStoryboardName = LaunchScreen;
				INFOPLIST_KEY_UIMainStoryboardFile = Main;
				INFOPLIST_KEY_UISupportedInterfaceOrientations_iPad = "UIInterfaceOrientationPortrait UIInterfaceOrientationPortraitUpsideDown UIInterfaceOrientationLandscapeLeft UIInterfaceOrientationLandscapeRight";
				INFOPLIST_KEY_UISupportedInterfaceOrientations_iPhone = "UIInterfaceOrientationPortrait UIInterfaceOrientationLandscapeLeft UIInterfaceOrientationLandscapeRight";
				LD_RUNPATH_SEARCH_PATHS = (
					"$(inherited)",
					"@executable_path/Frameworks",
				);
				MARKETING_VERSION = 1.0;
				PRODUCT_BUNDLE_IDENTIFIER = meric.TakingOrderApp;
				PRODUCT_NAME = "$(TARGET_NAME)";
				SWIFT_EMIT_LOC_STRINGS = YES;
				SWIFT_VERSION = 5.0;
				TARGETED_DEVICE_FAMILY = "1,2";
			};
			name = Release;
		};
/* End XCBuildConfiguration section */

/* Begin XCConfigurationList section */
		56FE75CF28E102370013F099 /* Build configuration list for PBXProject "TakingOrderApp" */ = {
			isa = XCConfigurationList;
			buildConfigurations = (
				56FE75E928E102380013F099 /* Debug */,
				56FE75EA28E102380013F099 /* Release */,
			);
			defaultConfigurationIsVisible = 0;
			defaultConfigurationName = Release;
		};
		56FE75EB28E102380013F099 /* Build configuration list for PBXNativeTarget "TakingOrderApp" */ = {
			isa = XCConfigurationList;
			buildConfigurations = (
				56FE75EC28E102380013F099 /* Debug */,
				56FE75ED28E102380013F099 /* Release */,
			);
			defaultConfigurationIsVisible = 0;
			defaultConfigurationName = Release;
		};
/* End XCConfigurationList section */

/* Begin XCVersionGroup section */
		56FE75E028E102370013F099 /* TakingOrderApp.xcdatamodeld */ = {
			isa = XCVersionGroup;
			children = (
				56FE75E128E102370013F099 /* TakingOrderApp.xcdatamodel */,
			);
			currentVersion = 56FE75E128E102370013F099 /* TakingOrderApp.xcdatamodel */;
			path = TakingOrderApp.xcdatamodeld;
			sourceTree = "<group>";
			versionGroupType = wrapper.xcdatamodel;
		};
/* End XCVersionGroup section */
	};
	rootObject = 56FE75CC28E102370013F099 /* Project object */;
}
